{
    "_readme": [
        "This file locks the dependencies of your project to a known state",
        "Read more about it at https://getcomposer.org/doc/01-basic-usage.md#composer-lock-the-lock-file",
        "This file is @generated automatically"
    ],
    "content-hash": "22fd75f33ebd883bce3c70cdfbf860c9",
    "packages": [
        {
            "name": "masterminds/html5",
            "version": "2.x-dev",
            "source": {
                "type": "git",
                "url": "https://github.com/Masterminds/html5-php.git",
                "reference": "df71b47d1755e41e6ad29255caba7e13e7413139"
            },
            "dist": {
                "type": "zip",
                "url": "https://api.github.com/repos/Masterminds/html5-php/zipball/df71b47d1755e41e6ad29255caba7e13e7413139",
                "reference": "df71b47d1755e41e6ad29255caba7e13e7413139",
                "shasum": ""
            },
            "require": {
                "ext-libxml": "*",
                "php": ">=5.3.0"
            },
            "require-dev": {
                "phpunit/phpunit": "4.*",
                "sami/sami": "~2.0",
                "satooshi/php-coveralls": "1.0.*"
            },
            "type": "library",
            "extra": {
                "branch-alias": {
                    "dev-master": "2.2-dev"
                }
            },
            "autoload": {
                "psr-4": {
                    "Masterminds\\": "src"
                }
            },
            "notification-url": "https://packagist.org/downloads/",
            "license": [
                "MIT"
            ],
            "authors": [
                {
                    "name": "Matt Butcher",
                    "email": "technosophos@gmail.com"
                },
                {
                    "name": "Asmir Mustafic",
                    "email": "goetas@gmail.com"
                },
                {
                    "name": "Matt Farina",
                    "email": "matt@mattfarina.com"
                }
            ],
            "description": "An HTML5 parser and serializer.",
            "homepage": "http://masterminds.github.io/html5-php",
            "keywords": [
                "HTML5",
                "dom",
                "html",
                "parser",
                "querypath",
                "serializer",
                "xml"
            ],
            "time": "2017-07-26 14:10:45"
        },
        {
            "name": "mundschenk-at/php-typography",
            "version": "dev-master",
            "source": {
                "type": "git",
                "url": "https://github.com/mundschenk-at/php-typography.git",
                "reference": "a4d91e18f26bcca46a3cdd4a4cc10c39e9670b24"
            },
            "dist": {
                "type": "zip",
                "url": "https://api.github.com/repos/mundschenk-at/php-typography/zipball/a4d91e18f26bcca46a3cdd4a4cc10c39e9670b24",
                "reference": "a4d91e18f26bcca46a3cdd4a4cc10c39e9670b24",
                "shasum": ""
            },
            "require": {
                "ext-mbstring": "*",
                "ext-pcre": "*",
                "masterminds/html5": "2.x-dev",
                "php": ">=5.6.0"
            },
            "require-dev": {
                "dealerdirect/phpcodesniffer-composer-installer": "^0.4.1",
                "phpunit/phpunit": "6.*",
                "squizlabs/php_codesniffer": "^2.9",
                "wimg/php-compatibility": "dev-master",
                "wp-coding-standards/wpcs": "dev-master"
            },
            "bin": [
                "src/bin/update-patterns.php",
                "src/bin/update-iana.php"
            ],
            "type": "library",
            "autoload": {
                "classmap": [
                    "src/"
                ]
            },
            "notification-url": "https://packagist.org/downloads/",
            "license": [
                "GPL 2.0+"
            ],
            "authors": [
                {
                    "name": "Peter Putzer",
                    "email": "github@mundschenk.at",
                    "homepage": "https://code.mundschenk.at",
                    "role": "Developer"
                },
                {
                    "name": "Jeffrey D. King",
                    "email": "jeff.king@weathersource.com",
                    "homepage": "http://kingdesk.com",
                    "role": "Original author"
                }
            ],
            "description": "A PHP library for improving your web typography",
            "time": "2017-08-07 21:24:18"
        }
    ],
    "packages-dev": [],
    "aliases": [],
    "minimum-stability": "dev",
    "stability-flags": {
        "mundschenk-at/php-typography": 20
    },
    "prefer-stable": false,
    "prefer-lowest": false,
    "platform": {
        "php": ">=5.6.0"
    },
    "platform-dev": []
}
